// !$*UTF8*$!
{
	archiveVersion = 1;
	classes = {
	};
	objectVersion = 56;
	objects = {

/* Begin PBXBuildFile section */
		66261643294D00B3001AB647 /* AppDelegate.swift in Sources */ = {isa = PBXBuildFile; fileRef = 66261642294D00B3001AB647 /* AppDelegate.swift */; };
		66261645294D00B3001AB647 /* SceneDelegate.swift in Sources */ = {isa = PBXBuildFile; fileRef = 66261644294D00B3001AB647 /* SceneDelegate.swift */; };
		6626164A294D00B3001AB647 /* Main.storyboard in Resources */ = {isa = PBXBuildFile; fileRef = 66261648294D00B3001AB647 /* Main.storyboard */; };
		6626164D294D00B3001AB647 /* MovieStoryBoard.xcdatamodeld in Sources */ = {isa = PBXBuildFile; fileRef = 6626164B294D00B3001AB647 /* MovieStoryBoard.xcdatamodeld */; };
		6626164F294D00B4001AB647 /* Assets.xcassets in Resources */ = {isa = PBXBuildFile; fileRef = 6626164E294D00B4001AB647 /* Assets.xcassets */; };
		66261652294D00B4001AB647 /* LaunchScreen.storyboard in Resources */ = {isa = PBXBuildFile; fileRef = 66261650294D00B4001AB647 /* LaunchScreen.storyboard */; };
		6626165A294D07D0001AB647 /* MainVC.swift in Sources */ = {isa = PBXBuildFile; fileRef = 66261659294D07D0001AB647 /* MainVC.swift */; };
		662A16662953C0CB005A5D8C /* DetailVM.swift in Sources */ = {isa = PBXBuildFile; fileRef = 662A16652953C0CB005A5D8C /* DetailVM.swift */; };
		662A16682953C0DE005A5D8C /* DetailVC.swift in Sources */ = {isa = PBXBuildFile; fileRef = 662A16672953C0DE005A5D8C /* DetailVC.swift */; };
		662A16722953C16E005A5D8C /* CastVC.swift in Sources */ = {isa = PBXBuildFile; fileRef = 662A16712953C16E005A5D8C /* CastVC.swift */; };
		662A16822953C258005A5D8C /* CastVM.swift in Sources */ = {isa = PBXBuildFile; fileRef = 662A16812953C258005A5D8C /* CastVM.swift */; };
		662A16862953C2AF005A5D8C /* CastCell.swift in Sources */ = {isa = PBXBuildFile; fileRef = 662A16842953C2AF005A5D8C /* CastCell.swift */; };
		662A16872953C2AF005A5D8C /* CastCell.xib in Resources */ = {isa = PBXBuildFile; fileRef = 662A16852953C2AF005A5D8C /* CastCell.xib */; };
		662A16892953C2D9005A5D8C /* ReviewVM.swift in Sources */ = {isa = PBXBuildFile; fileRef = 662A16882953C2D9005A5D8C /* ReviewVM.swift */; };
		662A168B2953C2FE005A5D8C /* ReviewVC.swift in Sources */ = {isa = PBXBuildFile; fileRef = 662A168A2953C2FE005A5D8C /* ReviewVC.swift */; };
		662A168F2953C352005A5D8C /* ReviewCell.swift in Sources */ = {isa = PBXBuildFile; fileRef = 662A168D2953C352005A5D8C /* ReviewCell.swift */; };
		662A16902953C352005A5D8C /* ReviewCell.xib in Resources */ = {isa = PBXBuildFile; fileRef = 662A168E2953C352005A5D8C /* ReviewCell.xib */; };
		662A16922953C39A005A5D8C /* AboutVC.swift in Sources */ = {isa = PBXBuildFile; fileRef = 662A16912953C39A005A5D8C /* AboutVC.swift */; };
		662A169A2953C477005A5D8C /* ReviewCell.swift in Sources */ = {isa = PBXBuildFile; fileRef = 662A16982953C477005A5D8C /* ReviewCell.swift */; };
		662A169B2953C477005A5D8C /* ReviewCell.xib in Resources */ = {isa = PBXBuildFile; fileRef = 662A16992953C477005A5D8C /* ReviewCell.xib */; };
		664EE9A3295453720037908C /* WatchListVM.swift in Sources */ = {isa = PBXBuildFile; fileRef = 664EE9A2295453720037908C /* WatchListVM.swift */; };
		664EE9A5295453950037908C /* WatchListVC.swift in Sources */ = {isa = PBXBuildFile; fileRef = 664EE9A4295453950037908C /* WatchListVC.swift */; };
		664EE9A9295453C40037908C /* WatchListCell.swift in Sources */ = {isa = PBXBuildFile; fileRef = 664EE9A7295453C40037908C /* WatchListCell.swift */; };
		664EE9AA295453C40037908C /* WatchListCell.xib in Resources */ = {isa = PBXBuildFile; fileRef = 664EE9A8295453C40037908C /* WatchListCell.xib */; };
		664EE9AE295453F20037908C /* SearchVM.swift in Sources */ = {isa = PBXBuildFile; fileRef = 664EE9AD295453F20037908C /* SearchVM.swift */; };
		664EE9B02954540B0037908C /* SearchVC.swift in Sources */ = {isa = PBXBuildFile; fileRef = 664EE9AF2954540B0037908C /* SearchVC.swift */; };
		664EE9B42954542D0037908C /* SearchCell.swift in Sources */ = {isa = PBXBuildFile; fileRef = 664EE9B22954542D0037908C /* SearchCell.swift */; };
		664EE9B52954542D0037908C /* SearchCell.xib in Resources */ = {isa = PBXBuildFile; fileRef = 664EE9B32954542D0037908C /* SearchCell.xib */; };
		664EE9B92954545D0037908C /* NetworkManager.swift in Sources */ = {isa = PBXBuildFile; fileRef = 664EE9B82954545D0037908C /* NetworkManager.swift */; };
		664EE9BB2954546A0037908C /* NetworkHelper.swift in Sources */ = {isa = PBXBuildFile; fileRef = 664EE9BA2954546A0037908C /* NetworkHelper.swift */; };
		664EE9BD2954547B0037908C /* CastManager.swift in Sources */ = {isa = PBXBuildFile; fileRef = 664EE9BC2954547B0037908C /* CastManager.swift */; };
		664EE9BF295454A30037908C /* MainModel.swift in Sources */ = {isa = PBXBuildFile; fileRef = 664EE9BE295454A30037908C /* MainModel.swift */; };
		664EE9C1295454B10037908C /* ReviewModel.swift in Sources */ = {isa = PBXBuildFile; fileRef = 664EE9C0295454B10037908C /* ReviewModel.swift */; };
		664EE9C3295454BF0037908C /* DetailModel.swift in Sources */ = {isa = PBXBuildFile; fileRef = 664EE9C2295454BF0037908C /* DetailModel.swift */; };
		664EE9C5295454CB0037908C /* CastModel.swift in Sources */ = {isa = PBXBuildFile; fileRef = 664EE9C4295454CB0037908C /* CastModel.swift */; };
		668638962950FB7C007D908B /* LatestVC.swift in Sources */ = {isa = PBXBuildFile; fileRef = 668638952950FB7C007D908B /* LatestVC.swift */; };
		668638982950FB8B007D908B /* PopularVC.swift in Sources */ = {isa = PBXBuildFile; fileRef = 668638972950FB8B007D908B /* PopularVC.swift */; };
		6686389A2950FBA4007D908B /* TopRatedVC.swift in Sources */ = {isa = PBXBuildFile; fileRef = 668638992950FBA4007D908B /* TopRatedVC.swift */; };
		66CB4F722952232B00E74949 /* MainVM.swift in Sources */ = {isa = PBXBuildFile; fileRef = 66CB4F712952232B00E74949 /* MainVM.swift */; };
		66CB4F742952233300E74949 /* TopRatedVM.swift in Sources */ = {isa = PBXBuildFile; fileRef = 66CB4F732952233300E74949 /* TopRatedVM.swift */; };
		66CB4F762952233E00E74949 /* PopularVM.swift in Sources */ = {isa = PBXBuildFile; fileRef = 66CB4F752952233E00E74949 /* PopularVM.swift */; };
		66CB4F782952235500E74949 /* LatestVM.swift in Sources */ = {isa = PBXBuildFile; fileRef = 66CB4F772952235500E74949 /* LatestVM.swift */; };
/* End PBXBuildFile section */

/* Begin PBXFileReference section */
		6626163F294D00B3001AB647 /* MovieStoryBoard.app */ = {isa = PBXFileReference; explicitFileType = wrapper.application; includeInIndex = 0; path = MovieStoryBoard.app; sourceTree = BUILT_PRODUCTS_DIR; };
		66261642294D00B3001AB647 /* AppDelegate.swift */ = {isa = PBXFileReference; lastKnownFileType = sourcecode.swift; path = AppDelegate.swift; sourceTree = "<group>"; };
		66261644294D00B3001AB647 /* SceneDelegate.swift */ = {isa = PBXFileReference; lastKnownFileType = sourcecode.swift; path = SceneDelegate.swift; sourceTree = "<group>"; };
		66261649294D00B3001AB647 /* Base */ = {isa = PBXFileReference; lastKnownFileType = file.storyboard; name = Base; path = Base.lproj/Main.storyboard; sourceTree = "<group>"; };
		6626164C294D00B3001AB647 /* MovieStoryBoard.xcdatamodel */ = {isa = PBXFileReference; lastKnownFileType = wrapper.xcdatamodel; path = MovieStoryBoard.xcdatamodel; sourceTree = "<group>"; };
		6626164E294D00B4001AB647 /* Assets.xcassets */ = {isa = PBXFileReference; lastKnownFileType = folder.assetcatalog; path = Assets.xcassets; sourceTree = "<group>"; };
		66261651294D00B4001AB647 /* Base */ = {isa = PBXFileReference; lastKnownFileType = file.storyboard; name = Base; path = Base.lproj/LaunchScreen.storyboard; sourceTree = "<group>"; };
		66261653294D00B4001AB647 /* Info.plist */ = {isa = PBXFileReference; lastKnownFileType = text.plist.xml; path = Info.plist; sourceTree = "<group>"; };
		66261659294D07D0001AB647 /* MainVC.swift */ = {isa = PBXFileReference; lastKnownFileType = sourcecode.swift; path = MainVC.swift; sourceTree = "<group>"; };
		662A16652953C0CB005A5D8C /* DetailVM.swift */ = {isa = PBXFileReference; lastKnownFileType = sourcecode.swift; path = DetailVM.swift; sourceTree = "<group>"; };
		662A16672953C0DE005A5D8C /* DetailVC.swift */ = {isa = PBXFileReference; lastKnownFileType = sourcecode.swift; path = DetailVC.swift; sourceTree = "<group>"; };
		662A16712953C16E005A5D8C /* CastVC.swift */ = {isa = PBXFileReference; lastKnownFileType = sourcecode.swift; path = CastVC.swift; sourceTree = "<group>"; };
		662A16812953C258005A5D8C /* CastVM.swift */ = {isa = PBXFileReference; lastKnownFileType = sourcecode.swift; path = CastVM.swift; sourceTree = "<group>"; };
		662A16842953C2AF005A5D8C /* CastCell.swift */ = {isa = PBXFileReference; lastKnownFileType = sourcecode.swift; path = CastCell.swift; sourceTree = "<group>"; };
		662A16852953C2AF005A5D8C /* CastCell.xib */ = {isa = PBXFileReference; lastKnownFileType = file.xib; path = CastCell.xib; sourceTree = "<group>"; };
		662A16882953C2D9005A5D8C /* ReviewVM.swift */ = {isa = PBXFileReference; lastKnownFileType = sourcecode.swift; path = ReviewVM.swift; sourceTree = "<group>"; };
		662A168A2953C2FE005A5D8C /* ReviewVC.swift */ = {isa = PBXFileReference; lastKnownFileType = sourcecode.swift; path = ReviewVC.swift; sourceTree = "<group>"; };
		662A168D2953C352005A5D8C /* ReviewCell.swift */ = {isa = PBXFileReference; lastKnownFileType = sourcecode.swift; path = ReviewCell.swift; sourceTree = "<group>"; };
		662A168E2953C352005A5D8C /* ReviewCell.xib */ = {isa = PBXFileReference; lastKnownFileType = file.xib; path = ReviewCell.xib; sourceTree = "<group>"; };
		662A16912953C39A005A5D8C /* AboutVC.swift */ = {isa = PBXFileReference; lastKnownFileType = sourcecode.swift; path = AboutVC.swift; sourceTree = "<group>"; };
		662A16982953C477005A5D8C /* ReviewCell.swift */ = {isa = PBXFileReference; lastKnownFileType = sourcecode.swift; path = ReviewCell.swift; sourceTree = "<group>"; };
		662A16992953C477005A5D8C /* ReviewCell.xib */ = {isa = PBXFileReference; lastKnownFileType = file.xib; path = ReviewCell.xib; sourceTree = "<group>"; };
		664EE9A2295453720037908C /* WatchListVM.swift */ = {isa = PBXFileReference; lastKnownFileType = sourcecode.swift; path = WatchListVM.swift; sourceTree = "<group>"; };
		664EE9A4295453950037908C /* WatchListVC.swift */ = {isa = PBXFileReference; lastKnownFileType = sourcecode.swift; path = WatchListVC.swift; sourceTree = "<group>"; };
		664EE9A7295453C40037908C /* WatchListCell.swift */ = {isa = PBXFileReference; lastKnownFileType = sourcecode.swift; path = WatchListCell.swift; sourceTree = "<group>"; };
		664EE9A8295453C40037908C /* WatchListCell.xib */ = {isa = PBXFileReference; lastKnownFileType = file.xib; path = WatchListCell.xib; sourceTree = "<group>"; };
		664EE9AD295453F20037908C /* SearchVM.swift */ = {isa = PBXFileReference; lastKnownFileType = sourcecode.swift; path = SearchVM.swift; sourceTree = "<group>"; };
		664EE9AF2954540B0037908C /* SearchVC.swift */ = {isa = PBXFileReference; lastKnownFileType = sourcecode.swift; path = SearchVC.swift; sourceTree = "<group>"; };
		664EE9B22954542D0037908C /* SearchCell.swift */ = {isa = PBXFileReference; lastKnownFileType = sourcecode.swift; path = SearchCell.swift; sourceTree = "<group>"; };
		664EE9B32954542D0037908C /* SearchCell.xib */ = {isa = PBXFileReference; lastKnownFileType = file.xib; path = SearchCell.xib; sourceTree = "<group>"; };
		664EE9B82954545D0037908C /* NetworkManager.swift */ = {isa = PBXFileReference; lastKnownFileType = sourcecode.swift; path = NetworkManager.swift; sourceTree = "<group>"; };
		664EE9BA2954546A0037908C /* NetworkHelper.swift */ = {isa = PBXFileReference; lastKnownFileType = sourcecode.swift; path = NetworkHelper.swift; sourceTree = "<group>"; };
		664EE9BC2954547B0037908C /* CastManager.swift */ = {isa = PBXFileReference; lastKnownFileType = sourcecode.swift; path = CastManager.swift; sourceTree = "<group>"; };
		664EE9BE295454A30037908C /* MainModel.swift */ = {isa = PBXFileReference; lastKnownFileType = sourcecode.swift; path = MainModel.swift; sourceTree = "<group>"; };
		664EE9C0295454B10037908C /* ReviewModel.swift */ = {isa = PBXFileReference; lastKnownFileType = sourcecode.swift; path = ReviewModel.swift; sourceTree = "<group>"; };
		664EE9C2295454BF0037908C /* DetailModel.swift */ = {isa = PBXFileReference; lastKnownFileType = sourcecode.swift; path = DetailModel.swift; sourceTree = "<group>"; };
		664EE9C4295454CB0037908C /* CastModel.swift */ = {isa = PBXFileReference; lastKnownFileType = sourcecode.swift; path = CastModel.swift; sourceTree = "<group>"; };
		668638952950FB7C007D908B /* LatestVC.swift */ = {isa = PBXFileReference; lastKnownFileType = sourcecode.swift; path = LatestVC.swift; sourceTree = "<group>"; };
		668638972950FB8B007D908B /* PopularVC.swift */ = {isa = PBXFileReference; lastKnownFileType = sourcecode.swift; path = PopularVC.swift; sourceTree = "<group>"; };
		668638992950FBA4007D908B /* TopRatedVC.swift */ = {isa = PBXFileReference; lastKnownFileType = sourcecode.swift; path = TopRatedVC.swift; sourceTree = "<group>"; };
		66CB4F712952232B00E74949 /* MainVM.swift */ = {isa = PBXFileReference; lastKnownFileType = sourcecode.swift; path = MainVM.swift; sourceTree = "<group>"; };
		66CB4F732952233300E74949 /* TopRatedVM.swift */ = {isa = PBXFileReference; lastKnownFileType = sourcecode.swift; path = TopRatedVM.swift; sourceTree = "<group>"; };
		66CB4F752952233E00E74949 /* PopularVM.swift */ = {isa = PBXFileReference; lastKnownFileType = sourcecode.swift; path = PopularVM.swift; sourceTree = "<group>"; };
		66CB4F772952235500E74949 /* LatestVM.swift */ = {isa = PBXFileReference; lastKnownFileType = sourcecode.swift; path = LatestVM.swift; sourceTree = "<group>"; };
/* End PBXFileReference section */

/* Begin PBXFrameworksBuildPhase section */
		6626163C294D00B3001AB647 /* Frameworks */ = {
			isa = PBXFrameworksBuildPhase;
			buildActionMask = 2147483647;
			files = (
			);
			runOnlyForDeploymentPostprocessing = 0;
		};
/* End PBXFrameworksBuildPhase section */

/* Begin PBXGroup section */
		66261636294D00B3001AB647 = {
			isa = PBXGroup;
			children = (
				66261641294D00B3001AB647 /* MovieStoryBoard */,
				66261640294D00B3001AB647 /* Products */,
			);
			sourceTree = "<group>";
		};
		66261640294D00B3001AB647 /* Products */ = {
			isa = PBXGroup;
			children = (
				6626163F294D00B3001AB647 /* MovieStoryBoard.app */,
			);
			name = Products;
			sourceTree = "<group>";
		};
		66261641294D00B3001AB647 /* MovieStoryBoard */ = {
			isa = PBXGroup;
			children = (
				6626164B294D00B3001AB647 /* MovieStoryBoard.xcdatamodeld */,
				66CB4F7029520D6200E74949 /* Detail */,
				66CB4F6F29520D5C00E74949 /* WatchList */,
				66CB4F6E29520D5500E74949 /* Search */,
				66CB4F6D29520D4900E74949 /* Network */,
				66CB4F6C29520D4000E74949 /* Models */,
				66CB4F6B29520D3900E74949 /* CoreData */,
				66CB4F6429520CEC00E74949 /* Main */,
				66261642294D00B3001AB647 /* AppDelegate.swift */,
				66261644294D00B3001AB647 /* SceneDelegate.swift */,
				66261648294D00B3001AB647 /* Main.storyboard */,
				6626164E294D00B4001AB647 /* Assets.xcassets */,
				66261650294D00B4001AB647 /* LaunchScreen.storyboard */,
				66261653294D00B4001AB647 /* Info.plist */,
			);
			path = MovieStoryBoard;
			sourceTree = "<group>";
		};
		662A16632953C0A4005A5D8C /* View */ = {
			isa = PBXGroup;
			children = (
				662A16692953C0E8005A5D8C /* Containers */,
			);
			path = View;
			sourceTree = "<group>";
		};
		662A16642953C0B1005A5D8C /* ViewModel */ = {
			isa = PBXGroup;
			children = (
				662A16652953C0CB005A5D8C /* DetailVM.swift */,
			);
			path = ViewModel;
			sourceTree = "<group>";
		};
		662A16692953C0E8005A5D8C /* Containers */ = {
			isa = PBXGroup;
			children = (
				662A16672953C0DE005A5D8C /* DetailVC.swift */,
				662A166A2953C0FD005A5D8C /* About */,
				662A166B2953C105005A5D8C /* Review */,
				662A166C2953C11A005A5D8C /* Cast */,
			);
			path = Containers;
			sourceTree = "<group>";
		};
		662A166A2953C0FD005A5D8C /* About */ = {
			isa = PBXGroup;
			children = (
				662A16912953C39A005A5D8C /* AboutVC.swift */,
			);
			path = About;
			sourceTree = "<group>";
		};
		662A166B2953C105005A5D8C /* Review */ = {
			isa = PBXGroup;
			children = (
				662A16762953C1CF005A5D8C /* ViewModel */,
				662A16752953C1CC005A5D8C /* View */,
				662A168A2953C2FE005A5D8C /* ReviewVC.swift */,
			);
			path = Review;
			sourceTree = "<group>";
		};
		662A166C2953C11A005A5D8C /* Cast */ = {
			isa = PBXGroup;
			children = (
				662A16802953C242005A5D8C /* ViewModel */,
				662A167F2953C23B005A5D8C /* View */,
			);
			path = Cast;
			sourceTree = "<group>";
		};
		662A16752953C1CC005A5D8C /* View */ = {
			isa = PBXGroup;
			children = (
				662A16932953C3D7005A5D8C /* ReviewCell */,
				662A168C2953C325005A5D8C /* ReviewTableViewCell */,
			);
			path = View;
			sourceTree = "<group>";
		};
		662A16762953C1CF005A5D8C /* ViewModel */ = {
			isa = PBXGroup;
			children = (
				662A16882953C2D9005A5D8C /* ReviewVM.swift */,
			);
			path = ViewModel;
			sourceTree = "<group>";
		};
		662A167F2953C23B005A5D8C /* View */ = {
			isa = PBXGroup;
			children = (
				662A16832953C27D005A5D8C /* CastCell */,
				662A16712953C16E005A5D8C /* CastVC.swift */,
			);
			path = View;
			sourceTree = "<group>";
		};
		662A16802953C242005A5D8C /* ViewModel */ = {
			isa = PBXGroup;
			children = (
				662A16812953C258005A5D8C /* CastVM.swift */,
			);
			path = ViewModel;
			sourceTree = "<group>";
		};
		662A16832953C27D005A5D8C /* CastCell */ = {
			isa = PBXGroup;
			children = (
				662A16842953C2AF005A5D8C /* CastCell.swift */,
				662A16852953C2AF005A5D8C /* CastCell.xib */,
			);
			path = CastCell;
			sourceTree = "<group>";
		};
		662A168C2953C325005A5D8C /* ReviewTableViewCell */ = {
			isa = PBXGroup;
			children = (
				662A168D2953C352005A5D8C /* ReviewCell.swift */,
				662A168E2953C352005A5D8C /* ReviewCell.xib */,
			);
			path = ReviewTableViewCell;
			sourceTree = "<group>";
		};
		662A16932953C3D7005A5D8C /* ReviewCell */ = {
			isa = PBXGroup;
			children = (
				662A16982953C477005A5D8C /* ReviewCell.swift */,
				662A16992953C477005A5D8C /* ReviewCell.xib */,
			);
			path = ReviewCell;
			sourceTree = "<group>";
		};
		664EE9A0295453540037908C /* View */ = {
			isa = PBXGroup;
			children = (
				664EE9A62954539A0037908C /* WatchListCell */,
				664EE9A4295453950037908C /* WatchListVC.swift */,
			);
			path = View;
			sourceTree = "<group>";
		};
		664EE9A12954535F0037908C /* ViewModel */ = {
			isa = PBXGroup;
			children = (
				664EE9A2295453720037908C /* WatchListVM.swift */,
			);
			path = ViewModel;
			sourceTree = "<group>";
		};
		664EE9A62954539A0037908C /* WatchListCell */ = {
			isa = PBXGroup;
			children = (
				664EE9A7295453C40037908C /* WatchListCell.swift */,
				664EE9A8295453C40037908C /* WatchListCell.xib */,
			);
			path = WatchListCell;
			sourceTree = "<group>";
		};
		664EE9AB295453D90037908C /* View */ = {
			isa = PBXGroup;
			children = (
				664EE9B12954540F0037908C /* SearchCell */,
				664EE9AF2954540B0037908C /* SearchVC.swift */,
			);
			path = View;
			sourceTree = "<group>";
		};
		664EE9AC295453DF0037908C /* ViewModel */ = {
			isa = PBXGroup;
			children = (
				664EE9AD295453F20037908C /* SearchVM.swift */,
			);
			path = ViewModel;
			sourceTree = "<group>";
		};
		664EE9B12954540F0037908C /* SearchCell */ = {
			isa = PBXGroup;
			children = (
				664EE9B22954542D0037908C /* SearchCell.swift */,
				664EE9B32954542D0037908C /* SearchCell.xib */,
			);
			path = SearchCell;
			sourceTree = "<group>";
		};
		664EE9B6295454410037908C /* Core */ = {
			isa = PBXGroup;
			children = (
				664EE9B82954545D0037908C /* NetworkManager.swift */,
				664EE9BA2954546A0037908C /* NetworkHelper.swift */,
			);
			path = Core;
			sourceTree = "<group>";
		};
		664EE9B7295454490037908C /* CastManager */ = {
			isa = PBXGroup;
			children = (
				664EE9BC2954547B0037908C /* CastManager.swift */,
			);
			path = CastManager;
			sourceTree = "<group>";
		};
		66CB4F6429520CEC00E74949 /* Main */ = {
			isa = PBXGroup;
			children = (
				66CB4F6A29520D3100E74949 /* ViewModel */,
				66CB4F6529520CF400E74949 /* View */,
			);
			path = Main;
			sourceTree = "<group>";
		};
		66CB4F6529520CF400E74949 /* View */ = {
			isa = PBXGroup;
			children = (
				66261659294D07D0001AB647 /* MainVC.swift */,
				66CB4F6829520D1500E74949 /* Cell */,
				66CB4F6729520D0B00E74949 /* Containers */,
			);
			path = View;
			sourceTree = "<group>";
		};
		66CB4F6729520D0B00E74949 /* Containers */ = {
			isa = PBXGroup;
			children = (
				668638972950FB8B007D908B /* PopularVC.swift */,
				668638952950FB7C007D908B /* LatestVC.swift */,
				668638992950FBA4007D908B /* TopRatedVC.swift */,
			);
			path = Containers;
			sourceTree = "<group>";
		};
		66CB4F6829520D1500E74949 /* Cell */ = {
			isa = PBXGroup;
			children = (
			);
			path = Cell;
			sourceTree = "<group>";
		};
		66CB4F6A29520D3100E74949 /* ViewModel */ = {
			isa = PBXGroup;
			children = (
				66CB4F712952232B00E74949 /* MainVM.swift */,
				66CB4F732952233300E74949 /* TopRatedVM.swift */,
				66CB4F752952233E00E74949 /* PopularVM.swift */,
				66CB4F772952235500E74949 /* LatestVM.swift */,
			);
			path = ViewModel;
			sourceTree = "<group>";
		};
		66CB4F6B29520D3900E74949 /* CoreData */ = {
			isa = PBXGroup;
			children = (
			);
			path = CoreData;
			sourceTree = "<group>";
		};
		66CB4F6C29520D4000E74949 /* Models */ = {
			isa = PBXGroup;
			children = (
				664EE9BE295454A30037908C /* MainModel.swift */,
				664EE9C0295454B10037908C /* ReviewModel.swift */,
				664EE9C2295454BF0037908C /* DetailModel.swift */,
				664EE9C4295454CB0037908C /* CastModel.swift */,
			);
			path = Models;
			sourceTree = "<group>";
		};
		66CB4F6D29520D4900E74949 /* Network */ = {
			isa = PBXGroup;
			children = (
				664EE9B7295454490037908C /* CastManager */,
				664EE9B6295454410037908C /* Core */,
			);
			path = Network;
			sourceTree = "<group>";
		};
		66CB4F6E29520D5500E74949 /* Search */ = {
			isa = PBXGroup;
			children = (
				664EE9AC295453DF0037908C /* ViewModel */,
				664EE9AB295453D90037908C /* View */,
			);
			path = Search;
			sourceTree = "<group>";
		};
		66CB4F6F29520D5C00E74949 /* WatchList */ = {
			isa = PBXGroup;
			children = (
				664EE9A12954535F0037908C /* ViewModel */,
				664EE9A0295453540037908C /* View */,
			);
			path = WatchList;
			sourceTree = "<group>";
		};
		66CB4F7029520D6200E74949 /* Detail */ = {
			isa = PBXGroup;
			children = (
				662A16642953C0B1005A5D8C /* ViewModel */,
				662A16632953C0A4005A5D8C /* View */,
			);
			path = Detail;
			sourceTree = "<group>";
		};
/* End PBXGroup section */

/* Begin PBXNativeTarget section */
		6626163E294D00B3001AB647 /* MovieStoryBoard */ = {
			isa = PBXNativeTarget;
			buildConfigurationList = 66261656294D00B4001AB647 /* Build configuration list for PBXNativeTarget "MovieStoryBoard" */;
			buildPhases = (
				6626163B294D00B3001AB647 /* Sources */,
				6626163C294D00B3001AB647 /* Frameworks */,
				6626163D294D00B3001AB647 /* Resources */,
			);
			buildRules = (
			);
			dependencies = (
			);
			name = MovieStoryBoard;
			productName = MovieStoryBoard;
			productReference = 6626163F294D00B3001AB647 /* MovieStoryBoard.app */;
			productType = "com.apple.product-type.application";
		};
/* End PBXNativeTarget section */

/* Begin PBXProject section */
		66261637294D00B3001AB647 /* Project object */ = {
			isa = PBXProject;
			attributes = {
				BuildIndependentTargetsInParallel = 1;
				LastSwiftUpdateCheck = 1410;
				LastUpgradeCheck = 1410;
				TargetAttributes = {
					6626163E294D00B3001AB647 = {
						CreatedOnToolsVersion = 14.1;
					};
				};
			};
			buildConfigurationList = 6626163A294D00B3001AB647 /* Build configuration list for PBXProject "MovieStoryBoard" */;
			compatibilityVersion = "Xcode 14.0";
			developmentRegion = en;
			hasScannedForEncodings = 0;
			knownRegions = (
				en,
				Base,
			);
			mainGroup = 66261636294D00B3001AB647;
			productRefGroup = 66261640294D00B3001AB647 /* Products */;
			projectDirPath = "";
			projectRoot = "";
			targets = (
				6626163E294D00B3001AB647 /* MovieStoryBoard */,
			);
		};
/* End PBXProject section */

/* Begin PBXResourcesBuildPhase section */
		6626163D294D00B3001AB647 /* Resources */ = {
			isa = PBXResourcesBuildPhase;
			buildActionMask = 2147483647;
			files = (
				66261652294D00B4001AB647 /* LaunchScreen.storyboard in Resources */,
				664EE9AA295453C40037908C /* WatchListCell.xib in Resources */,
				662A16902953C352005A5D8C /* ReviewCell.xib in Resources */,
				662A16872953C2AF005A5D8C /* CastCell.xib in Resources */,
				6626164F294D00B4001AB647 /* Assets.xcassets in Resources */,
				664EE9B52954542D0037908C /* SearchCell.xib in Resources */,
				6626164A294D00B3001AB647 /* Main.storyboard in Resources */,
				662A169B2953C477005A5D8C /* ReviewCell.xib in Resources */,
			);
			runOnlyForDeploymentPostprocessing = 0;
		};
/* End PBXResourcesBuildPhase section */

/* Begin PBXSourcesBuildPhase section */
		6626163B294D00B3001AB647 /* Sources */ = {
			isa = PBXSourcesBuildPhase;
			buildActionMask = 2147483647;
			files = (
				668638982950FB8B007D908B /* PopularVC.swift in Sources */,
				664EE9AE295453F20037908C /* SearchVM.swift in Sources */,
				6686389A2950FBA4007D908B /* TopRatedVC.swift in Sources */,
				662A16682953C0DE005A5D8C /* DetailVC.swift in Sources */,
				66CB4F742952233300E74949 /* TopRatedVM.swift in Sources */,
				662A16822953C258005A5D8C /* CastVM.swift in Sources */,
				662A168F2953C352005A5D8C /* ReviewCell.swift in Sources */,
				66CB4F782952235500E74949 /* LatestVM.swift in Sources */,
				662A168B2953C2FE005A5D8C /* ReviewVC.swift in Sources */,
				664EE9C3295454BF0037908C /* DetailModel.swift in Sources */,
				6626164D294D00B3001AB647 /* MovieStoryBoard.xcdatamodeld in Sources */,
				664EE9B02954540B0037908C /* SearchVC.swift in Sources */,
				664EE9A9295453C40037908C /* WatchListCell.swift in Sources */,
				6626165A294D07D0001AB647 /* MainVC.swift in Sources */,
				664EE9B42954542D0037908C /* SearchCell.swift in Sources */,
				664EE9BB2954546A0037908C /* NetworkHelper.swift in Sources */,
				664EE9C1295454B10037908C /* ReviewModel.swift in Sources */,
				668638962950FB7C007D908B /* LatestVC.swift in Sources */,
				664EE9A5295453950037908C /* WatchListVC.swift in Sources */,
				664EE9BF295454A30037908C /* MainModel.swift in Sources */,
				662A16892953C2D9005A5D8C /* ReviewVM.swift in Sources */,
				662A16662953C0CB005A5D8C /* DetailVM.swift in Sources */,
				662A169A2953C477005A5D8C /* ReviewCell.swift in Sources */,
				662A16862953C2AF005A5D8C /* CastCell.swift in Sources */,
				66261643294D00B3001AB647 /* AppDelegate.swift in Sources */,
				662A16722953C16E005A5D8C /* CastVC.swift in Sources */,
				662A16922953C39A005A5D8C /* AboutVC.swift in Sources */,
				66261645294D00B3001AB647 /* SceneDelegate.swift in Sources */,
				664EE9B92954545D0037908C /* NetworkManager.swift in Sources */,
				66CB4F762952233E00E74949 /* PopularVM.swift in Sources */,
				664EE9C5295454CB0037908C /* CastModel.swift in Sources */,
				664EE9A3295453720037908C /* WatchListVM.swift in Sources */,
				664EE9BD2954547B0037908C /* CastManager.swift in Sources */,
				66CB4F722952232B00E74949 /* MainVM.swift in Sources */,
			);
			runOnlyForDeploymentPostprocessing = 0;
		};
/* End PBXSourcesBuildPhase section */

/* Begin PBXVariantGroup section */
		66261648294D00B3001AB647 /* Main.storyboard */ = {
			isa = PBXVariantGroup;
			children = (
				66261649294D00B3001AB647 /* Base */,
			);
			name = Main.storyboard;
			sourceTree = "<group>";
		};
		66261650294D00B4001AB647 /* LaunchScreen.storyboard */ = {
			isa = PBXVariantGroup;
			children = (
				66261651294D00B4001AB647 /* Base */,
			);
			name = LaunchScreen.storyboard;
			sourceTree = "<group>";
		};
/* End PBXVariantGroup section */

/* Begin XCBuildConfiguration section */
		66261654294D00B4001AB647 /* Debug */ = {
			isa = XCBuildConfiguration;
			buildSettings = {
				ALWAYS_SEARCH_USER_PATHS = NO;
				CLANG_ANALYZER_NONNULL = YES;
				CLANG_ANALYZER_NUMBER_OBJECT_CONVERSION = YES_AGGRESSIVE;
				CLANG_CXX_LANGUAGE_STANDARD = "gnu++20";
				CLANG_ENABLE_MODULES = YES;
				CLANG_ENABLE_OBJC_ARC = YES;
				CLANG_ENABLE_OBJC_WEAK = YES;
				CLANG_WARN_BLOCK_CAPTURE_AUTORELEASING = YES;
				CLANG_WARN_BOOL_CONVERSION = YES;
				CLANG_WARN_COMMA = YES;
				CLANG_WARN_CONSTANT_CONVERSION = YES;
				CLANG_WARN_DEPRECATED_OBJC_IMPLEMENTATIONS = YES;
				CLANG_WARN_DIRECT_OBJC_ISA_USAGE = YES_ERROR;
				CLANG_WARN_DOCUMENTATION_COMMENTS = YES;
				CLANG_WARN_EMPTY_BODY = YES;
				CLANG_WARN_ENUM_CONVERSION = YES;
				CLANG_WARN_INFINITE_RECURSION = YES;
				CLANG_WARN_INT_CONVERSION = YES;
				CLANG_WARN_NON_LITERAL_NULL_CONVERSION = YES;
				CLANG_WARN_OBJC_IMPLICIT_RETAIN_SELF = YES;
				CLANG_WARN_OBJC_LITERAL_CONVERSION = YES;
				CLANG_WARN_OBJC_ROOT_CLASS = YES_ERROR;
				CLANG_WARN_QUOTED_INCLUDE_IN_FRAMEWORK_HEADER = YES;
				CLANG_WARN_RANGE_LOOP_ANALYSIS = YES;
				CLANG_WARN_STRICT_PROTOTYPES = YES;
				CLANG_WARN_SUSPICIOUS_MOVE = YES;
				CLANG_WARN_UNGUARDED_AVAILABILITY = YES_AGGRESSIVE;
				CLANG_WARN_UNREACHABLE_CODE = YES;
				CLANG_WARN__DUPLICATE_METHOD_MATCH = YES;
				COPY_PHASE_STRIP = NO;
				DEBUG_INFORMATION_FORMAT = dwarf;
				ENABLE_STRICT_OBJC_MSGSEND = YES;
				ENABLE_TESTABILITY = YES;
				GCC_C_LANGUAGE_STANDARD = gnu11;
				GCC_DYNAMIC_NO_PIC = NO;
				GCC_NO_COMMON_BLOCKS = YES;
				GCC_OPTIMIZATION_LEVEL = 0;
				GCC_PREPROCESSOR_DEFINITIONS = (
					"DEBUG=1",
					"$(inherited)",
				);
				GCC_WARN_64_TO_32_BIT_CONVERSION = YES;
				GCC_WARN_ABOUT_RETURN_TYPE = YES_ERROR;
				GCC_WARN_UNDECLARED_SELECTOR = YES;
				GCC_WARN_UNINITIALIZED_AUTOS = YES_AGGRESSIVE;
				GCC_WARN_UNUSED_FUNCTION = YES;
				GCC_WARN_UNUSED_VARIABLE = YES;
				IPHONEOS_DEPLOYMENT_TARGET = 13.1;
				MTL_ENABLE_DEBUG_INFO = INCLUDE_SOURCE;
				MTL_FAST_MATH = YES;
				ONLY_ACTIVE_ARCH = YES;
				SDKROOT = iphoneos;
				SWIFT_ACTIVE_COMPILATION_CONDITIONS = DEBUG;
				SWIFT_OPTIMIZATION_LEVEL = "-Onone";
			};
			name = Debug;
		};
		66261655294D00B4001AB647 /* Release */ = {
			isa = XCBuildConfiguration;
			buildSettings = {
				ALWAYS_SEARCH_USER_PATHS = NO;
				CLANG_ANALYZER_NONNULL = YES;
				CLANG_ANALYZER_NUMBER_OBJECT_CONVERSION = YES_AGGRESSIVE;
				CLANG_CXX_LANGUAGE_STANDARD = "gnu++20";
				CLANG_ENABLE_MODULES = YES;
				CLANG_ENABLE_OBJC_ARC = YES;
				CLANG_ENABLE_OBJC_WEAK = YES;
				CLANG_WARN_BLOCK_CAPTURE_AUTORELEASING = YES;
				CLANG_WARN_BOOL_CONVERSION = YES;
				CLANG_WARN_COMMA = YES;
				CLANG_WARN_CONSTANT_CONVERSION = YES;
				CLANG_WARN_DEPRECATED_OBJC_IMPLEMENTATIONS = YES;
				CLANG_WARN_DIRECT_OBJC_ISA_USAGE = YES_ERROR;
				CLANG_WARN_DOCUMENTATION_COMMENTS = YES;
				CLANG_WARN_EMPTY_BODY = YES;
				CLANG_WARN_ENUM_CONVERSION = YES;
				CLANG_WARN_INFINITE_RECURSION = YES;
				CLANG_WARN_INT_CONVERSION = YES;
				CLANG_WARN_NON_LITERAL_NULL_CONVERSION = YES;
				CLANG_WARN_OBJC_IMPLICIT_RETAIN_SELF = YES;
				CLANG_WARN_OBJC_LITERAL_CONVERSION = YES;
				CLANG_WARN_OBJC_ROOT_CLASS = YES_ERROR;
				CLANG_WARN_QUOTED_INCLUDE_IN_FRAMEWORK_HEADER = YES;
				CLANG_WARN_RANGE_LOOP_ANALYSIS = YES;
				CLANG_WARN_STRICT_PROTOTYPES = YES;
				CLANG_WARN_SUSPICIOUS_MOVE = YES;
				CLANG_WARN_UNGUARDED_AVAILABILITY = YES_AGGRESSIVE;
				CLANG_WARN_UNREACHABLE_CODE = YES;
				CLANG_WARN__DUPLICATE_METHOD_MATCH = YES;
				COPY_PHASE_STRIP = NO;
				DEBUG_INFORMATION_FORMAT = "dwarf-with-dsym";
				ENABLE_NS_ASSERTIONS = NO;
				ENABLE_STRICT_OBJC_MSGSEND = YES;
				GCC_C_LANGUAGE_STANDARD = gnu11;
				GCC_NO_COMMON_BLOCKS = YES;
				GCC_WARN_64_TO_32_BIT_CONVERSION = YES;
				GCC_WARN_ABOUT_RETURN_TYPE = YES_ERROR;
				GCC_WARN_UNDECLARED_SELECTOR = YES;
				GCC_WARN_UNINITIALIZED_AUTOS = YES_AGGRESSIVE;
				GCC_WARN_UNUSED_FUNCTION = YES;
				GCC_WARN_UNUSED_VARIABLE = YES;
				IPHONEOS_DEPLOYMENT_TARGET = 13.1;
				MTL_ENABLE_DEBUG_INFO = NO;
				MTL_FAST_MATH = YES;
				SDKROOT = iphoneos;
				SWIFT_COMPILATION_MODE = wholemodule;
				SWIFT_OPTIMIZATION_LEVEL = "-O";
				VALIDATE_PRODUCT = YES;
			};
			name = Release;
		};
		66261657294D00B4001AB647 /* Debug */ = {
			isa = XCBuildConfiguration;
			buildSettings = {
				ASSETCATALOG_COMPILER_APPICON_NAME = AppIcon;
				ASSETCATALOG_COMPILER_GLOBAL_ACCENT_COLOR_NAME = AccentColor;
				CODE_SIGN_STYLE = Automatic;
				CURRENT_PROJECT_VERSION = 1;
				GENERATE_INFOPLIST_FILE = YES;
				INFOPLIST_FILE = MovieStoryBoard/Info.plist;
				INFOPLIST_KEY_UIApplicationSupportsIndirectInputEvents = YES;
				INFOPLIST_KEY_UILaunchStoryboardName = LaunchScreen;
				INFOPLIST_KEY_UIMainStoryboardFile = Main;
				INFOPLIST_KEY_UISupportedInterfaceOrientations_iPad = "UIInterfaceOrientationPortrait UIInterfaceOrientationPortraitUpsideDown UIInterfaceOrientationLandscapeLeft UIInterfaceOrientationLandscapeRight";
				INFOPLIST_KEY_UISupportedInterfaceOrientations_iPhone = "UIInterfaceOrientationPortrait UIInterfaceOrientationLandscapeLeft UIInterfaceOrientationLandscapeRight";
				IPHONEOS_DEPLOYMENT_TARGET = 13.1;
				LD_RUNPATH_SEARCH_PATHS = (
					"$(inherited)",
					"@executable_path/Frameworks",
				);
				MARKETING_VERSION = 1.0;
				PRODUCT_BUNDLE_IDENTIFIER = com.info.MovieStoryBoard;
				PRODUCT_NAME = "$(TARGET_NAME)";
				SWIFT_EMIT_LOC_STRINGS = YES;
				SWIFT_VERSION = 5.0;
				TARGETED_DEVICE_FAMILY = "1,2";
			};
			name = Debug;
		};
		66261658294D00B4001AB647 /* Release */ = {
			isa = XCBuildConfiguration;
			buildSettings = {
				ASSETCATALOG_COMPILER_APPICON_NAME = AppIcon;
				ASSETCATALOG_COMPILER_GLOBAL_ACCENT_COLOR_NAME = AccentColor;
				CODE_SIGN_STYLE = Automatic;
				CURRENT_PROJECT_VERSION = 1;
				GENERATE_INFOPLIST_FILE = YES;
				INFOPLIST_FILE = MovieStoryBoard/Info.plist;
				INFOPLIST_KEY_UIApplicationSupportsIndirectInputEvents = YES;
				INFOPLIST_KEY_UILaunchStoryboardName = LaunchScreen;
				INFOPLIST_KEY_UIMainStoryboardFile = Main;
				INFOPLIST_KEY_UISupportedInterfaceOrientations_iPad = "UIInterfaceOrientationPortrait UIInterfaceOrientationPortraitUpsideDown UIInterfaceOrientationLandscapeLeft UIInterfaceOrientationLandscapeRight";
				INFOPLIST_KEY_UISupportedInterfaceOrientations_iPhone = "UIInterfaceOrientationPortrait UIInterfaceOrientationLandscapeLeft UIInterfaceOrientationLandscapeRight";
				IPHONEOS_DEPLOYMENT_TARGET = 13.1;
				LD_RUNPATH_SEARCH_PATHS = (
					"$(inherited)",
					"@executable_path/Frameworks",
				);
				MARKETING_VERSION = 1.0;
				PRODUCT_BUNDLE_IDENTIFIER = com.info.MovieStoryBoard;
				PRODUCT_NAME = "$(TARGET_NAME)";
				SWIFT_EMIT_LOC_STRINGS = YES;
				SWIFT_VERSION = 5.0;
				TARGETED_DEVICE_FAMILY = "1,2";
			};
			name = Release;
		};
/* End XCBuildConfiguration section */

/* Begin XCConfigurationList section */
		6626163A294D00B3001AB647 /* Build configuration list for PBXProject "MovieStoryBoard" */ = {
			isa = XCConfigurationList;
			buildConfigurations = (
				66261654294D00B4001AB647 /* Debug */,
				66261655294D00B4001AB647 /* Release */,
			);
			defaultConfigurationIsVisible = 0;
			defaultConfigurationName = Release;
		};
		66261656294D00B4001AB647 /* Build configuration list for PBXNativeTarget "MovieStoryBoard" */ = {
			isa = XCConfigurationList;
			buildConfigurations = (
				66261657294D00B4001AB647 /* Debug */,
				66261658294D00B4001AB647 /* Release */,
			);
			defaultConfigurationIsVisible = 0;
			defaultConfigurationName = Release;
		};
/* End XCConfigurationList section */

/* Begin XCVersionGroup section */
		6626164B294D00B3001AB647 /* MovieStoryBoard.xcdatamodeld */ = {
			isa = XCVersionGroup;
			children = (
				6626164C294D00B3001AB647 /* MovieStoryBoard.xcdatamodel */,
			);
			currentVersion = 6626164C294D00B3001AB647 /* MovieStoryBoard.xcdatamodel */;
			path = MovieStoryBoard.xcdatamodeld;
			sourceTree = "<group>";
			versionGroupType = wrapper.xcdatamodel;
		};
/* End XCVersionGroup section */
	};
	rootObject = 66261637294D00B3001AB647 /* Project object */;
}
