// !$*UTF8*$!
{
	archiveVersion = 1;
	classes = {
	};
	objectVersion = 56;
	objects = {

/* Begin PBXBuildFile section */
		66261643294D00B3001AB647 /* AppDelegate.swift in Sources */ = {isa = PBXBuildFile; fileRef = 66261642294D00B3001AB647 /* AppDelegate.swift */; };
		66261645294D00B3001AB647 /* SceneDelegate.swift in Sources */ = {isa = PBXBuildFile; fileRef = 66261644294D00B3001AB647 /* SceneDelegate.swift */; };
		6626164A294D00B3001AB647 /* Main.storyboard in Resources */ = {isa = PBXBuildFile; fileRef = 66261648294D00B3001AB647 /* Main.storyboard */; };
		6626164D294D00B3001AB647 /* MovieStoryBoard.xcdatamodeld in Sources */ = {isa = PBXBuildFile; fileRef = 6626164B294D00B3001AB647 /* MovieStoryBoard.xcdatamodeld */; };
		6626164F294D00B4001AB647 /* Assets.xcassets in Resources */ = {isa = PBXBuildFile; fileRef = 6626164E294D00B4001AB647 /* Assets.xcassets */; };
		66261652294D00B4001AB647 /* LaunchScreen.storyboard in Resources */ = {isa = PBXBuildFile; fileRef = 66261650294D00B4001AB647 /* LaunchScreen.storyboard */; };
		6626165A294D07D0001AB647 /* MainVC.swift in Sources */ = {isa = PBXBuildFile; fileRef = 66261659294D07D0001AB647 /* MainVC.swift */; };
		668638962950FB7C007D908B /* LatestVC.swift in Sources */ = {isa = PBXBuildFile; fileRef = 668638952950FB7C007D908B /* LatestVC.swift */; };
		668638982950FB8B007D908B /* PopularVC.swift in Sources */ = {isa = PBXBuildFile; fileRef = 668638972950FB8B007D908B /* PopularVC.swift */; };
		6686389A2950FBA4007D908B /* TopRatedVC.swift in Sources */ = {isa = PBXBuildFile; fileRef = 668638992950FBA4007D908B /* TopRatedVC.swift */; };
		66CB4F722952232B00E74949 /* MainVM.swift in Sources */ = {isa = PBXBuildFile; fileRef = 66CB4F712952232B00E74949 /* MainVM.swift */; };
		66CB4F742952233300E74949 /* TopRatedVM.swift in Sources */ = {isa = PBXBuildFile; fileRef = 66CB4F732952233300E74949 /* TopRatedVM.swift */; };
		66CB4F762952233E00E74949 /* PopularVM.swift in Sources */ = {isa = PBXBuildFile; fileRef = 66CB4F752952233E00E74949 /* PopularVM.swift */; };
		66CB4F782952235500E74949 /* LatestVM.swift in Sources */ = {isa = PBXBuildFile; fileRef = 66CB4F772952235500E74949 /* LatestVM.swift */; };
/* End PBXBuildFile section */

/* Begin PBXFileReference section */
		6626163F294D00B3001AB647 /* MovieStoryBoard.app */ = {isa = PBXFileReference; explicitFileType = wrapper.application; includeInIndex = 0; path = MovieStoryBoard.app; sourceTree = BUILT_PRODUCTS_DIR; };
		66261642294D00B3001AB647 /* AppDelegate.swift */ = {isa = PBXFileReference; lastKnownFileType = sourcecode.swift; path = AppDelegate.swift; sourceTree = "<group>"; };
		66261644294D00B3001AB647 /* SceneDelegate.swift */ = {isa = PBXFileReference; lastKnownFileType = sourcecode.swift; path = SceneDelegate.swift; sourceTree = "<group>"; };
		66261649294D00B3001AB647 /* Base */ = {isa = PBXFileReference; lastKnownFileType = file.storyboard; name = Base; path = Base.lproj/Main.storyboard; sourceTree = "<group>"; };
		6626164C294D00B3001AB647 /* MovieStoryBoard.xcdatamodel */ = {isa = PBXFileReference; lastKnownFileType = wrapper.xcdatamodel; path = MovieStoryBoard.xcdatamodel; sourceTree = "<group>"; };
		6626164E294D00B4001AB647 /* Assets.xcassets */ = {isa = PBXFileReference; lastKnownFileType = folder.assetcatalog; path = Assets.xcassets; sourceTree = "<group>"; };
		66261651294D00B4001AB647 /* Base */ = {isa = PBXFileReference; lastKnownFileType = file.storyboard; name = Base; path = Base.lproj/LaunchScreen.storyboard; sourceTree = "<group>"; };
		66261653294D00B4001AB647 /* Info.plist */ = {isa = PBXFileReference; lastKnownFileType = text.plist.xml; path = Info.plist; sourceTree = "<group>"; };
		66261659294D07D0001AB647 /* MainVC.swift */ = {isa = PBXFileReference; lastKnownFileType = sourcecode.swift; path = MainVC.swift; sourceTree = "<group>"; };
		668638952950FB7C007D908B /* LatestVC.swift */ = {isa = PBXFileReference; lastKnownFileType = sourcecode.swift; path = LatestVC.swift; sourceTree = "<group>"; };
		668638972950FB8B007D908B /* PopularVC.swift */ = {isa = PBXFileReference; lastKnownFileType = sourcecode.swift; path = PopularVC.swift; sourceTree = "<group>"; };
		668638992950FBA4007D908B /* TopRatedVC.swift */ = {isa = PBXFileReference; lastKnownFileType = sourcecode.swift; path = TopRatedVC.swift; sourceTree = "<group>"; };
		66CB4F712952232B00E74949 /* MainVM.swift */ = {isa = PBXFileReference; lastKnownFileType = sourcecode.swift; path = MainVM.swift; sourceTree = "<group>"; };
		66CB4F732952233300E74949 /* TopRatedVM.swift */ = {isa = PBXFileReference; lastKnownFileType = sourcecode.swift; path = TopRatedVM.swift; sourceTree = "<group>"; };
		66CB4F752952233E00E74949 /* PopularVM.swift */ = {isa = PBXFileReference; lastKnownFileType = sourcecode.swift; path = PopularVM.swift; sourceTree = "<group>"; };
		66CB4F772952235500E74949 /* LatestVM.swift */ = {isa = PBXFileReference; lastKnownFileType = sourcecode.swift; path = LatestVM.swift; sourceTree = "<group>"; };
/* End PBXFileReference section */

/* Begin PBXFrameworksBuildPhase section */
		6626163C294D00B3001AB647 /* Frameworks */ = {
			isa = PBXFrameworksBuildPhase;
			buildActionMask = 2147483647;
			files = (
			);
			runOnlyForDeploymentPostprocessing = 0;
		};
/* End PBXFrameworksBuildPhase section */

/* Begin PBXGroup section */
		66261636294D00B3001AB647 = {
			isa = PBXGroup;
			children = (
				66261641294D00B3001AB647 /* MovieStoryBoard */,
				66261640294D00B3001AB647 /* Products */,
			);
			sourceTree = "<group>";
		};
		66261640294D00B3001AB647 /* Products */ = {
			isa = PBXGroup;
			children = (
				6626163F294D00B3001AB647 /* MovieStoryBoard.app */,
			);
			name = Products;
			sourceTree = "<group>";
		};
		66261641294D00B3001AB647 /* MovieStoryBoard */ = {
			isa = PBXGroup;
			children = (
				6626164B294D00B3001AB647 /* MovieStoryBoard.xcdatamodeld */,
				66CB4F7029520D6200E74949 /* Detail */,
				66CB4F6F29520D5C00E74949 /* WatchList */,
				66CB4F6E29520D5500E74949 /* Search */,
				66CB4F6D29520D4900E74949 /* Network */,
				66CB4F6C29520D4000E74949 /* Models */,
				66CB4F6B29520D3900E74949 /* CoreData */,
				66CB4F6429520CEC00E74949 /* Main */,
				66261642294D00B3001AB647 /* AppDelegate.swift */,
				66261644294D00B3001AB647 /* SceneDelegate.swift */,
				66261648294D00B3001AB647 /* Main.storyboard */,
				6626164E294D00B4001AB647 /* Assets.xcassets */,
				66261650294D00B4001AB647 /* LaunchScreen.storyboard */,
				66261653294D00B4001AB647 /* Info.plist */,
			);
			path = MovieStoryBoard;
			sourceTree = "<group>";
		};
		66CB4F6429520CEC00E74949 /* Main */ = {
			isa = PBXGroup;
			children = (
				66CB4F6A29520D3100E74949 /* ViewModel */,
				66CB4F6529520CF400E74949 /* View */,
			);
			path = Main;
			sourceTree = "<group>";
		};
		66CB4F6529520CF400E74949 /* View */ = {
			isa = PBXGroup;
			children = (
				66261659294D07D0001AB647 /* MainVC.swift */,
				66CB4F6829520D1500E74949 /* Cell */,
				66CB4F6729520D0B00E74949 /* Containers */,
			);
			path = View;
			sourceTree = "<group>";
		};
		66CB4F6729520D0B00E74949 /* Containers */ = {
			isa = PBXGroup;
			children = (
				668638972950FB8B007D908B /* PopularVC.swift */,
				668638952950FB7C007D908B /* LatestVC.swift */,
				668638992950FBA4007D908B /* TopRatedVC.swift */,
			);
			path = Containers;
			sourceTree = "<group>";
		};
		66CB4F6829520D1500E74949 /* Cell */ = {
			isa = PBXGroup;
			children = (
			);
			path = Cell;
			sourceTree = "<group>";
		};
		66CB4F6A29520D3100E74949 /* ViewModel */ = {
			isa = PBXGroup;
			children = (
				66CB4F712952232B00E74949 /* MainVM.swift */,
				66CB4F732952233300E74949 /* TopRatedVM.swift */,
				66CB4F752952233E00E74949 /* PopularVM.swift */,
				66CB4F772952235500E74949 /* LatestVM.swift */,
			);
			path = ViewModel;
			sourceTree = "<group>";
		};
		66CB4F6B29520D3900E74949 /* CoreData */ = {
			isa = PBXGroup;
			children = (
			);
			path = CoreData;
			sourceTree = "<group>";
		};
		66CB4F6C29520D4000E74949 /* Models */ = {
			isa = PBXGroup;
			children = (
			);
			path = Models;
			sourceTree = "<group>";
		};
		66CB4F6D29520D4900E74949 /* Network */ = {
			isa = PBXGroup;
			children = (
			);
			path = Network;
			sourceTree = "<group>";
		};
		66CB4F6E29520D5500E74949 /* Search */ = {
			isa = PBXGroup;
			children = (
			);
			path = Search;
			sourceTree = "<group>";
		};
		66CB4F6F29520D5C00E74949 /* WatchList */ = {
			isa = PBXGroup;
			children = (
			);
			path = WatchList;
			sourceTree = "<group>";
		};
		66CB4F7029520D6200E74949 /* Detail */ = {
			isa = PBXGroup;
			children = (
			);
			path = Detail;
			sourceTree = "<group>";
		};
/* End PBXGroup section */

/* Begin PBXNativeTarget section */
		6626163E294D00B3001AB647 /* MovieStoryBoard */ = {
			isa = PBXNativeTarget;
			buildConfigurationList = 66261656294D00B4001AB647 /* Build configuration list for PBXNativeTarget "MovieStoryBoard" */;
			buildPhases = (
				6626163B294D00B3001AB647 /* Sources */,
				6626163C294D00B3001AB647 /* Frameworks */,
				6626163D294D00B3001AB647 /* Resources */,
			);
			buildRules = (
			);
			dependencies = (
			);
			name = MovieStoryBoard;
			productName = MovieStoryBoard;
			productReference = 6626163F294D00B3001AB647 /* MovieStoryBoard.app */;
			productType = "com.apple.product-type.application";
		};
/* End PBXNativeTarget section */

/* Begin PBXProject section */
		66261637294D00B3001AB647 /* Project object */ = {
			isa = PBXProject;
			attributes = {
				BuildIndependentTargetsInParallel = 1;
				LastSwiftUpdateCheck = 1410;
				LastUpgradeCheck = 1410;
				TargetAttributes = {
					6626163E294D00B3001AB647 = {
						CreatedOnToolsVersion = 14.1;
					};
				};
			};
			buildConfigurationList = 6626163A294D00B3001AB647 /* Build configuration list for PBXProject "MovieStoryBoard" */;
			compatibilityVersion = "Xcode 14.0";
			developmentRegion = en;
			hasScannedForEncodings = 0;
			knownRegions = (
				en,
				Base,
			);
			mainGroup = 66261636294D00B3001AB647;
			productRefGroup = 66261640294D00B3001AB647 /* Products */;
			projectDirPath = "";
			projectRoot = "";
			targets = (
				6626163E294D00B3001AB647 /* MovieStoryBoard */,
			);
		};
/* End PBXProject section */

/* Begin PBXResourcesBuildPhase section */
		6626163D294D00B3001AB647 /* Resources */ = {
			isa = PBXResourcesBuildPhase;
			buildActionMask = 2147483647;
			files = (
				66261652294D00B4001AB647 /* LaunchScreen.storyboard in Resources */,
				6626164F294D00B4001AB647 /* Assets.xcassets in Resources */,
				6626164A294D00B3001AB647 /* Main.storyboard in Resources */,
			);
			runOnlyForDeploymentPostprocessing = 0;
		};
/* End PBXResourcesBuildPhase section */

/* Begin PBXSourcesBuildPhase section */
		6626163B294D00B3001AB647 /* Sources */ = {
			isa = PBXSourcesBuildPhase;
			buildActionMask = 2147483647;
			files = (
				668638982950FB8B007D908B /* PopularVC.swift in Sources */,
				6686389A2950FBA4007D908B /* TopRatedVC.swift in Sources */,
				66CB4F742952233300E74949 /* TopRatedVM.swift in Sources */,
				66CB4F782952235500E74949 /* LatestVM.swift in Sources */,
				6626164D294D00B3001AB647 /* MovieStoryBoard.xcdatamodeld in Sources */,
				6626165A294D07D0001AB647 /* MainVC.swift in Sources */,
				668638962950FB7C007D908B /* LatestVC.swift in Sources */,
				66261643294D00B3001AB647 /* AppDelegate.swift in Sources */,
				66261645294D00B3001AB647 /* SceneDelegate.swift in Sources */,
				66CB4F762952233E00E74949 /* PopularVM.swift in Sources */,
				66CB4F722952232B00E74949 /* MainVM.swift in Sources */,
			);
			runOnlyForDeploymentPostprocessing = 0;
		};
/* End PBXSourcesBuildPhase section */

/* Begin PBXVariantGroup section */
		66261648294D00B3001AB647 /* Main.storyboard */ = {
			isa = PBXVariantGroup;
			children = (
				66261649294D00B3001AB647 /* Base */,
			);
			name = Main.storyboard;
			sourceTree = "<group>";
		};
		66261650294D00B4001AB647 /* LaunchScreen.storyboard */ = {
			isa = PBXVariantGroup;
			children = (
				66261651294D00B4001AB647 /* Base */,
			);
			name = LaunchScreen.storyboard;
			sourceTree = "<group>";
		};
/* End PBXVariantGroup section */

/* Begin XCBuildConfiguration section */
		66261654294D00B4001AB647 /* Debug */ = {
			isa = XCBuildConfiguration;
			buildSettings = {
				ALWAYS_SEARCH_USER_PATHS = NO;
				CLANG_ANALYZER_NONNULL = YES;
				CLANG_ANALYZER_NUMBER_OBJECT_CONVERSION = YES_AGGRESSIVE;
				CLANG_CXX_LANGUAGE_STANDARD = "gnu++20";
				CLANG_ENABLE_MODULES = YES;
				CLANG_ENABLE_OBJC_ARC = YES;
				CLANG_ENABLE_OBJC_WEAK = YES;
				CLANG_WARN_BLOCK_CAPTURE_AUTORELEASING = YES;
				CLANG_WARN_BOOL_CONVERSION = YES;
				CLANG_WARN_COMMA = YES;
				CLANG_WARN_CONSTANT_CONVERSION = YES;
				CLANG_WARN_DEPRECATED_OBJC_IMPLEMENTATIONS = YES;
				CLANG_WARN_DIRECT_OBJC_ISA_USAGE = YES_ERROR;
				CLANG_WARN_DOCUMENTATION_COMMENTS = YES;
				CLANG_WARN_EMPTY_BODY = YES;
				CLANG_WARN_ENUM_CONVERSION = YES;
				CLANG_WARN_INFINITE_RECURSION = YES;
				CLANG_WARN_INT_CONVERSION = YES;
				CLANG_WARN_NON_LITERAL_NULL_CONVERSION = YES;
				CLANG_WARN_OBJC_IMPLICIT_RETAIN_SELF = YES;
				CLANG_WARN_OBJC_LITERAL_CONVERSION = YES;
				CLANG_WARN_OBJC_ROOT_CLASS = YES_ERROR;
				CLANG_WARN_QUOTED_INCLUDE_IN_FRAMEWORK_HEADER = YES;
				CLANG_WARN_RANGE_LOOP_ANALYSIS = YES;
				CLANG_WARN_STRICT_PROTOTYPES = YES;
				CLANG_WARN_SUSPICIOUS_MOVE = YES;
				CLANG_WARN_UNGUARDED_AVAILABILITY = YES_AGGRESSIVE;
				CLANG_WARN_UNREACHABLE_CODE = YES;
				CLANG_WARN__DUPLICATE_METHOD_MATCH = YES;
				COPY_PHASE_STRIP = NO;
				DEBUG_INFORMATION_FORMAT = dwarf;
				ENABLE_STRICT_OBJC_MSGSEND = YES;
				ENABLE_TESTABILITY = YES;
				GCC_C_LANGUAGE_STANDARD = gnu11;
				GCC_DYNAMIC_NO_PIC = NO;
				GCC_NO_COMMON_BLOCKS = YES;
				GCC_OPTIMIZATION_LEVEL = 0;
				GCC_PREPROCESSOR_DEFINITIONS = (
					"DEBUG=1",
					"$(inherited)",
				);
				GCC_WARN_64_TO_32_BIT_CONVERSION = YES;
				GCC_WARN_ABOUT_RETURN_TYPE = YES_ERROR;
				GCC_WARN_UNDECLARED_SELECTOR = YES;
				GCC_WARN_UNINITIALIZED_AUTOS = YES_AGGRESSIVE;
				GCC_WARN_UNUSED_FUNCTION = YES;
				GCC_WARN_UNUSED_VARIABLE = YES;
				IPHONEOS_DEPLOYMENT_TARGET = 13.1;
				MTL_ENABLE_DEBUG_INFO = INCLUDE_SOURCE;
				MTL_FAST_MATH = YES;
				ONLY_ACTIVE_ARCH = YES;
				SDKROOT = iphoneos;
				SWIFT_ACTIVE_COMPILATION_CONDITIONS = DEBUG;
				SWIFT_OPTIMIZATION_LEVEL = "-Onone";
			};
			name = Debug;
		};
		66261655294D00B4001AB647 /* Release */ = {
			isa = XCBuildConfiguration;
			buildSettings = {
				ALWAYS_SEARCH_USER_PATHS = NO;
				CLANG_ANALYZER_NONNULL = YES;
				CLANG_ANALYZER_NUMBER_OBJECT_CONVERSION = YES_AGGRESSIVE;
				CLANG_CXX_LANGUAGE_STANDARD = "gnu++20";
				CLANG_ENABLE_MODULES = YES;
				CLANG_ENABLE_OBJC_ARC = YES;
				CLANG_ENABLE_OBJC_WEAK = YES;
				CLANG_WARN_BLOCK_CAPTURE_AUTORELEASING = YES;
				CLANG_WARN_BOOL_CONVERSION = YES;
				CLANG_WARN_COMMA = YES;
				CLANG_WARN_CONSTANT_CONVERSION = YES;
				CLANG_WARN_DEPRECATED_OBJC_IMPLEMENTATIONS = YES;
				CLANG_WARN_DIRECT_OBJC_ISA_USAGE = YES_ERROR;
				CLANG_WARN_DOCUMENTATION_COMMENTS = YES;
				CLANG_WARN_EMPTY_BODY = YES;
				CLANG_WARN_ENUM_CONVERSION = YES;
				CLANG_WARN_INFINITE_RECURSION = YES;
				CLANG_WARN_INT_CONVERSION = YES;
				CLANG_WARN_NON_LITERAL_NULL_CONVERSION = YES;
				CLANG_WARN_OBJC_IMPLICIT_RETAIN_SELF = YES;
				CLANG_WARN_OBJC_LITERAL_CONVERSION = YES;
				CLANG_WARN_OBJC_ROOT_CLASS = YES_ERROR;
				CLANG_WARN_QUOTED_INCLUDE_IN_FRAMEWORK_HEADER = YES;
				CLANG_WARN_RANGE_LOOP_ANALYSIS = YES;
				CLANG_WARN_STRICT_PROTOTYPES = YES;
				CLANG_WARN_SUSPICIOUS_MOVE = YES;
				CLANG_WARN_UNGUARDED_AVAILABILITY = YES_AGGRESSIVE;
				CLANG_WARN_UNREACHABLE_CODE = YES;
				CLANG_WARN__DUPLICATE_METHOD_MATCH = YES;
				COPY_PHASE_STRIP = NO;
				DEBUG_INFORMATION_FORMAT = "dwarf-with-dsym";
				ENABLE_NS_ASSERTIONS = NO;
				ENABLE_STRICT_OBJC_MSGSEND = YES;
				GCC_C_LANGUAGE_STANDARD = gnu11;
				GCC_NO_COMMON_BLOCKS = YES;
				GCC_WARN_64_TO_32_BIT_CONVERSION = YES;
				GCC_WARN_ABOUT_RETURN_TYPE = YES_ERROR;
				GCC_WARN_UNDECLARED_SELECTOR = YES;
				GCC_WARN_UNINITIALIZED_AUTOS = YES_AGGRESSIVE;
				GCC_WARN_UNUSED_FUNCTION = YES;
				GCC_WARN_UNUSED_VARIABLE = YES;
				IPHONEOS_DEPLOYMENT_TARGET = 13.1;
				MTL_ENABLE_DEBUG_INFO = NO;
				MTL_FAST_MATH = YES;
				SDKROOT = iphoneos;
				SWIFT_COMPILATION_MODE = wholemodule;
				SWIFT_OPTIMIZATION_LEVEL = "-O";
				VALIDATE_PRODUCT = YES;
			};
			name = Release;
		};
		66261657294D00B4001AB647 /* Debug */ = {
			isa = XCBuildConfiguration;
			buildSettings = {
				ASSETCATALOG_COMPILER_APPICON_NAME = AppIcon;
				ASSETCATALOG_COMPILER_GLOBAL_ACCENT_COLOR_NAME = AccentColor;
				CODE_SIGN_STYLE = Automatic;
				CURRENT_PROJECT_VERSION = 1;
				GENERATE_INFOPLIST_FILE = YES;
				INFOPLIST_FILE = MovieStoryBoard/Info.plist;
				INFOPLIST_KEY_UIApplicationSupportsIndirectInputEvents = YES;
				INFOPLIST_KEY_UILaunchStoryboardName = LaunchScreen;
				INFOPLIST_KEY_UIMainStoryboardFile = Main;
				INFOPLIST_KEY_UISupportedInterfaceOrientations_iPad = "UIInterfaceOrientationPortrait UIInterfaceOrientationPortraitUpsideDown UIInterfaceOrientationLandscapeLeft UIInterfaceOrientationLandscapeRight";
				INFOPLIST_KEY_UISupportedInterfaceOrientations_iPhone = "UIInterfaceOrientationPortrait UIInterfaceOrientationLandscapeLeft UIInterfaceOrientationLandscapeRight";
				IPHONEOS_DEPLOYMENT_TARGET = 13.1;
				LD_RUNPATH_SEARCH_PATHS = (
					"$(inherited)",
					"@executable_path/Frameworks",
				);
				MARKETING_VERSION = 1.0;
				PRODUCT_BUNDLE_IDENTIFIER = com.info.MovieStoryBoard;
				PRODUCT_NAME = "$(TARGET_NAME)";
				SWIFT_EMIT_LOC_STRINGS = YES;
				SWIFT_VERSION = 5.0;
				TARGETED_DEVICE_FAMILY = "1,2";
			};
			name = Debug;
		};
		66261658294D00B4001AB647 /* Release */ = {
			isa = XCBuildConfiguration;
			buildSettings = {
				ASSETCATALOG_COMPILER_APPICON_NAME = AppIcon;
				ASSETCATALOG_COMPILER_GLOBAL_ACCENT_COLOR_NAME = AccentColor;
				CODE_SIGN_STYLE = Automatic;
				CURRENT_PROJECT_VERSION = 1;
				GENERATE_INFOPLIST_FILE = YES;
				INFOPLIST_FILE = MovieStoryBoard/Info.plist;
				INFOPLIST_KEY_UIApplicationSupportsIndirectInputEvents = YES;
				INFOPLIST_KEY_UILaunchStoryboardName = LaunchScreen;
				INFOPLIST_KEY_UIMainStoryboardFile = Main;
				INFOPLIST_KEY_UISupportedInterfaceOrientations_iPad = "UIInterfaceOrientationPortrait UIInterfaceOrientationPortraitUpsideDown UIInterfaceOrientationLandscapeLeft UIInterfaceOrientationLandscapeRight";
				INFOPLIST_KEY_UISupportedInterfaceOrientations_iPhone = "UIInterfaceOrientationPortrait UIInterfaceOrientationLandscapeLeft UIInterfaceOrientationLandscapeRight";
				IPHONEOS_DEPLOYMENT_TARGET = 13.1;
				LD_RUNPATH_SEARCH_PATHS = (
					"$(inherited)",
					"@executable_path/Frameworks",
				);
				MARKETING_VERSION = 1.0;
				PRODUCT_BUNDLE_IDENTIFIER = com.info.MovieStoryBoard;
				PRODUCT_NAME = "$(TARGET_NAME)";
				SWIFT_EMIT_LOC_STRINGS = YES;
				SWIFT_VERSION = 5.0;
				TARGETED_DEVICE_FAMILY = "1,2";
			};
			name = Release;
		};
/* End XCBuildConfiguration section */

/* Begin XCConfigurationList section */
		6626163A294D00B3001AB647 /* Build configuration list for PBXProject "MovieStoryBoard" */ = {
			isa = XCConfigurationList;
			buildConfigurations = (
				66261654294D00B4001AB647 /* Debug */,
				66261655294D00B4001AB647 /* Release */,
			);
			defaultConfigurationIsVisible = 0;
			defaultConfigurationName = Release;
		};
		66261656294D00B4001AB647 /* Build configuration list for PBXNativeTarget "MovieStoryBoard" */ = {
			isa = XCConfigurationList;
			buildConfigurations = (
				66261657294D00B4001AB647 /* Debug */,
				66261658294D00B4001AB647 /* Release */,
			);
			defaultConfigurationIsVisible = 0;
			defaultConfigurationName = Release;
		};
/* End XCConfigurationList section */

/* Begin XCVersionGroup section */
		6626164B294D00B3001AB647 /* MovieStoryBoard.xcdatamodeld */ = {
			isa = XCVersionGroup;
			children = (
				6626164C294D00B3001AB647 /* MovieStoryBoard.xcdatamodel */,
			);
			currentVersion = 6626164C294D00B3001AB647 /* MovieStoryBoard.xcdatamodel */;
			path = MovieStoryBoard.xcdatamodeld;
			sourceTree = "<group>";
			versionGroupType = wrapper.xcdatamodel;
		};
/* End XCVersionGroup section */
	};
	rootObject = 66261637294D00B3001AB647 /* Project object */;
}
